
Microsoft Visual Studio Solution File, Format Version 12.00
# Visual Studio Version 16
VisualStudioVersion = 16.0.29403.142
MinimumVisualStudioVersion = 10.0.40219.1
Project("{9A19103F-16F7-4668-BE54-9A1E7A4F7556}") = "AnglerPlusPlus", "AnglerPlusPlus.csproj", "{07B78470-BD7D-44E4-82BE-A66582668974}"
EndProject
Global
	GlobalSection(SolutionConfigurationPlatforms) = preSolution
		Debug|Any CPU = Debug|Any CPU
		Release|Any CPU = Release|Any CPU
	EndGlobalSection
	GlobalSection(ProjectConfigurationPlatforms) = postSolution
		{07B78470-BD7D-44E4-82BE-A66582668974}.Debug|Any CPU.ActiveCfg = Debug|Any CPU
		{07B78470-BD7D-44E4-82BE-A66582668974}.Debug|Any CPU.Build.0 = Debug|Any CPU
		{07B78470-BD7D-44E4-82BE-A66582668974}.Release|Any CPU.ActiveCfg = Release|Any CPU
		{07B78470-BD7D-44E4-82BE-A66582668974}.Release|Any CPU.Build.0 = Release|Any CPU
	EndGlobalSection
	GlobalSection(SolutionProperties) = preSolution
		HideSolutionNode = FALSE
	EndGlobalSection
	GlobalSection(ExtensibilityGlobals) = postSolution
		SolutionGuid = {23A0914C-1445-40CC-9D66-247CE1BAFC25}
	EndGlobalSection
EndGlobal
